// !$*UTF8*$!
{
	archiveVersion = 1;
	classes = {
	};
	objectVersion = 46;
	objects = {

/* Begin PBXBuildFile section */
		1DDD58160DA1D0A300B32029 /* MainMenu.xib in Resources */ = {isa = PBXBuildFile; fileRef = 1DDD58140DA1D0A300B32029 /* MainMenu.xib */; };
		256AC3DA0F4B6AC300CF3369 /* AppDelegate.m in Sources */ = {isa = PBXBuildFile; fileRef = 256AC3D90F4B6AC300CF3369 /* AppDelegate.m */; };
		8D11072B0486CEB800E47090 /* InfoPlist.strings in Resources */ = {isa = PBXBuildFile; fileRef = 089C165CFE840E0CC02AAC07 /* InfoPlist.strings */; };
		8D11072D0486CEB800E47090 /* main.m in Sources */ = {isa = PBXBuildFile; fileRef = 29B97316FDCFA39411CA2CEA /* main.m */; settings = {ATTRIBUTES = (); }; };
		8D11072F0486CEB800E47090 /* Cocoa.framework in Frameworks */ = {isa = PBXBuildFile; fileRef = 1058C7A1FEA54F0111CA2CBB /* Cocoa.framework */; };
		E23F8446136BDE66005F4E19 /* Legal-Game.icns in Resources */ = {isa = PBXBuildFile; fileRef = E23F8444136BDE66005F4E19 /* Legal-Game.icns */; };
		E23F8447136BDE66005F4E19 /* Legal-Emulator.icns in Resources */ = {isa = PBXBuildFile; fileRef = E23F8445136BDE66005F4E19 /* Legal-Emulator.icns */; };
		E23F8487136BE2DF005F4E19 /* GameView.m in Sources */ = {isa = PBXBuildFile; fileRef = E23F8486136BE2DF005F4E19 /* GameView.m */; };
		E23F849C136BE692005F4E19 /* OpenGL.framework in Frameworks */ = {isa = PBXBuildFile; fileRef = E23F849B136BE692005F4E19 /* OpenGL.framework */; };
		E23F8535136C0450005F4E19 /* libiconv.2.dylib in Frameworks */ = {isa = PBXBuildFile; fileRef = E23F8534136C0450005F4E19 /* libiconv.2.dylib */; };
/* End PBXBuildFile section */

/* Begin PBXFileReference section */
		089C165DFE840E0CC02AAC07 /* English */ = {isa = PBXFileReference; fileEncoding = 4; lastKnownFileType = text.plist.strings; name = English; path = English.lproj/InfoPlist.strings; sourceTree = "<group>"; };
		1058C7A1FEA54F0111CA2CBB /* Cocoa.framework */ = {isa = PBXFileReference; lastKnownFileType = wrapper.framework; name = Cocoa.framework; path = /System/Library/Frameworks/Cocoa.framework; sourceTree = "<absolute>"; };
		1DDD58150DA1D0A300B32029 /* English */ = {isa = PBXFileReference; lastKnownFileType = file.xib; name = English; path = English.lproj/MainMenu.xib; sourceTree = "<group>"; };
		256AC3D80F4B6AC300CF3369 /* AppDelegate.h */ = {isa = PBXFileReference; fileEncoding = 4; lastKnownFileType = sourcecode.c.h; path = AppDelegate.h; sourceTree = "<group>"; };
		256AC3D90F4B6AC300CF3369 /* AppDelegate.m */ = {isa = PBXFileReference; fileEncoding = 4; lastKnownFileType = sourcecode.c.objc; path = AppDelegate.m; sourceTree = "<group>"; };
		256AC3F00F4B6AF500CF3369 /* Prefix.pch */ = {isa = PBXFileReference; fileEncoding = 4; lastKnownFileType = sourcecode.c.h; path = Prefix.pch; sourceTree = "<group>"; };
		29B97316FDCFA39411CA2CEA /* main.m */ = {isa = PBXFileReference; fileEncoding = 4; lastKnownFileType = sourcecode.c.objc; path = main.m; sourceTree = "<group>"; };
		29B97324FDCFA39411CA2CEA /* AppKit.framework */ = {isa = PBXFileReference; lastKnownFileType = wrapper.framework; name = AppKit.framework; path = /System/Library/Frameworks/AppKit.framework; sourceTree = "<absolute>"; };
		29B97325FDCFA39411CA2CEA /* Foundation.framework */ = {isa = PBXFileReference; lastKnownFileType = wrapper.framework; name = Foundation.framework; path = /System/Library/Frameworks/Foundation.framework; sourceTree = "<absolute>"; };
		8D1107310486CEB800E47090 /* Info.plist */ = {isa = PBXFileReference; fileEncoding = 4; lastKnownFileType = text.plist.xml; path = Info.plist; sourceTree = "<group>"; };
		8D1107320486CEB800E47090 /* Legal Emulator.app */ = {isa = PBXFileReference; explicitFileType = wrapper.application; includeInIndex = 0; path = "Legal Emulator.app"; sourceTree = BUILT_PRODUCTS_DIR; };
		E23F8444136BDE66005F4E19 /* Legal-Game.icns */ = {isa = PBXFileReference; lastKnownFileType = image.icns; path = "Legal-Game.icns"; sourceTree = "<group>"; };
		E23F8445136BDE66005F4E19 /* Legal-Emulator.icns */ = {isa = PBXFileReference; lastKnownFileType = image.icns; path = "Legal-Emulator.icns"; sourceTree = "<group>"; };
		E23F8485136BE2DF005F4E19 /* GameView.h */ = {isa = PBXFileReference; fileEncoding = 4; lastKnownFileType = sourcecode.c.h; path = GameView.h; sourceTree = "<group>"; };
		E23F8486136BE2DF005F4E19 /* GameView.m */ = {isa = PBXFileReference; fileEncoding = 4; lastKnownFileType = sourcecode.c.objc; path = GameView.m; sourceTree = "<group>"; };
		E23F849B136BE692005F4E19 /* OpenGL.framework */ = {isa = PBXFileReference; lastKnownFileType = wrapper.framework; name = OpenGL.framework; path = System/Library/Frameworks/OpenGL.framework; sourceTree = SDKROOT; };
		E23F8501136BFCA0005F4E19 /* Emulator_stub.h */ = {isa = PBXFileReference; fileEncoding = 4; lastKnownFileType = sourcecode.c.h; path = Emulator_stub.h; sourceTree = BUILT_PRODUCTS_DIR; };
		E23F8534136C0450005F4E19 /* libiconv.2.dylib */ = {isa = PBXFileReference; lastKnownFileType = "compiled.mach-o.dylib"; name = libiconv.2.dylib; path = /usr/lib/libiconv.2.dylib; sourceTree = "<absolute>"; };
		E23F8589136C0B4C005F4E19 /* HsFFI.h */ = {isa = PBXFileReference; fileEncoding = 4; lastKnownFileType = sourcecode.c.h; name = HsFFI.h; path = "/Library/Frameworks/GHC.framework/Versions/7.1.20110125-x86_64/usr/lib/ghc-7.1.20110125/include/HsFFI.h"; sourceTree = "<absolute>"; };
		E23F859A136C0BC3005F4E19 /* Emulator.h */ = {isa = PBXFileReference; fileEncoding = 4; lastKnownFileType = sourcecode.c.h; name = Emulator.h; path = ../BackEnd/Emulator.h; sourceTree = SOURCE_ROOT; };
		E23F890A136C3F7F005F4E19 /* Emulator.hs */ = {isa = PBXFileReference; fileEncoding = 4; lastKnownFileType = text; name = Emulator.hs; path = ../BackEnd/Emulator.hs; sourceTree = SOURCE_ROOT; };
		E23F890B136C3F7F005F4E19 /* EmulatorExtras.c */ = {isa = PBXFileReference; fileEncoding = 4; lastKnownFileType = sourcecode.c.c; name = EmulatorExtras.c; path = ../BackEnd/EmulatorExtras.c; sourceTree = SOURCE_ROOT; };
		E23F890C136C3F7F005F4E19 /* legal-emulator.cabal */ = {isa = PBXFileReference; fileEncoding = 4; lastKnownFileType = text; name = "legal-emulator.cabal"; path = "../BackEnd/legal-emulator.cabal"; sourceTree = SOURCE_ROOT; };
		E23F8912136C3F88005F4E19 /* PPU_NES.hs */ = {isa = PBXFileReference; fileEncoding = 4; lastKnownFileType = text; name = PPU_NES.hs; path = ../BackEnd/PPU/PPU_NES.hs; sourceTree = SOURCE_ROOT; };
		E23F8914136C3F8F005F4E19 /* NES.hs */ = {isa = PBXFileReference; fileEncoding = 4; lastKnownFileType = text; name = NES.hs; path = ../BackEnd/Motherboard/NES.hs; sourceTree = SOURCE_ROOT; };
		E23F8916136C3FA2005F4E19 /* CPU_6502.hs */ = {isa = PBXFileReference; fileEncoding = 4; lastKnownFileType = text; name = CPU_6502.hs; path = ../BackEnd/Processor/CPU_6502.hs; sourceTree = SOURCE_ROOT; };
		E23F8918136C3FAA005F4E19 /* INES.hs */ = {isa = PBXFileReference; fileEncoding = 4; lastKnownFileType = text; name = INES.hs; path = ../BackEnd/FileFormat/INES.hs; sourceTree = SOURCE_ROOT; };
/* End PBXFileReference section */

/* Begin PBXFrameworksBuildPhase section */
		8D11072E0486CEB800E47090 /* Frameworks */ = {
			isa = PBXFrameworksBuildPhase;
			buildActionMask = 2147483647;
			files = (
				8D11072F0486CEB800E47090 /* Cocoa.framework in Frameworks */,
				E23F849C136BE692005F4E19 /* OpenGL.framework in Frameworks */,
				E23F8535136C0450005F4E19 /* libiconv.2.dylib in Frameworks */,
			);
			runOnlyForDeploymentPostprocessing = 0;
		};
/* End PBXFrameworksBuildPhase section */

/* Begin PBXGroup section */
		080E96DDFE201D6D7F000001 /* Classes */ = {
			isa = PBXGroup;
			children = (
				256AC3D80F4B6AC300CF3369 /* AppDelegate.h */,
				256AC3D90F4B6AC300CF3369 /* AppDelegate.m */,
				E23F8485136BE2DF005F4E19 /* GameView.h */,
				E23F8486136BE2DF005F4E19 /* GameView.m */,
			);
			name = Classes;
			sourceTree = "<group>";
		};
		1058C7A0FEA54F0111CA2CBB /* Linked Frameworks */ = {
			isa = PBXGroup;
			children = (
				1058C7A1FEA54F0111CA2CBB /* Cocoa.framework */,
				E23F849B136BE692005F4E19 /* OpenGL.framework */,
				E23F8534136C0450005F4E19 /* libiconv.2.dylib */,
			);
			name = "Linked Frameworks";
			sourceTree = "<group>";
		};
		1058C7A2FEA54F0111CA2CBB /* Other Frameworks */ = {
			isa = PBXGroup;
			children = (
				29B97324FDCFA39411CA2CEA /* AppKit.framework */,
				29B97325FDCFA39411CA2CEA /* Foundation.framework */,
			);
			name = "Other Frameworks";
			sourceTree = "<group>";
		};
		19C28FACFE9D520D11CA2CBB /* Products */ = {
			isa = PBXGroup;
			children = (
				8D1107320486CEB800E47090 /* Legal Emulator.app */,
			);
			name = Products;
			sourceTree = "<group>";
		};
		29B97314FDCFA39411CA2CEA /* Legal Emulator */ = {
			isa = PBXGroup;
			children = (
				080E96DDFE201D6D7F000001 /* Classes */,
				E23F8909136C3F68005F4E19 /* Backend Sources */,
				29B97315FDCFA39411CA2CEA /* Other Sources */,
				29B97317FDCFA39411CA2CEA /* Resources */,
				29B97323FDCFA39411CA2CEA /* Frameworks */,
				19C28FACFE9D520D11CA2CBB /* Products */,
			);
			name = "Legal Emulator";
			sourceTree = "<group>";
		};
		29B97315FDCFA39411CA2CEA /* Other Sources */ = {
			isa = PBXGroup;
			children = (
				E23F859A136C0BC3005F4E19 /* Emulator.h */,
				E23F8589136C0B4C005F4E19 /* HsFFI.h */,
				E23F8501136BFCA0005F4E19 /* Emulator_stub.h */,
				256AC3F00F4B6AF500CF3369 /* Prefix.pch */,
				29B97316FDCFA39411CA2CEA /* main.m */,
			);
			name = "Other Sources";
			sourceTree = "<group>";
		};
		29B97317FDCFA39411CA2CEA /* Resources */ = {
			isa = PBXGroup;
			children = (
				E23F8444136BDE66005F4E19 /* Legal-Game.icns */,
				E23F8445136BDE66005F4E19 /* Legal-Emulator.icns */,
				8D1107310486CEB800E47090 /* Info.plist */,
				089C165CFE840E0CC02AAC07 /* InfoPlist.strings */,
				1DDD58140DA1D0A300B32029 /* MainMenu.xib */,
			);
			name = Resources;
			sourceTree = "<group>";
		};
		29B97323FDCFA39411CA2CEA /* Frameworks */ = {
			isa = PBXGroup;
			children = (
				1058C7A0FEA54F0111CA2CBB /* Linked Frameworks */,
				1058C7A2FEA54F0111CA2CBB /* Other Frameworks */,
			);
			name = Frameworks;
			sourceTree = "<group>";
		};
		E23F8909136C3F68005F4E19 /* Backend Sources */ = {
			isa = PBXGroup;
			children = (
				E23F8918136C3FAA005F4E19 /* INES.hs */,
				E23F8916136C3FA2005F4E19 /* CPU_6502.hs */,
				E23F8914136C3F8F005F4E19 /* NES.hs */,
				E23F8912136C3F88005F4E19 /* PPU_NES.hs */,
				E23F890A136C3F7F005F4E19 /* Emulator.hs */,
				E23F890B136C3F7F005F4E19 /* EmulatorExtras.c */,
				E23F890C136C3F7F005F4E19 /* legal-emulator.cabal */,
			);
			name = "Backend Sources";
			sourceTree = "<group>";
		};
/* End PBXGroup section */

/* Begin PBXNativeTarget section */
		8D1107260486CEB800E47090 /* Legal Emulator */ = {
			isa = PBXNativeTarget;
			buildConfigurationList = C01FCF4A08A954540054247B /* Build configuration list for PBXNativeTarget "Legal Emulator" */;
			buildPhases = (
				E29BE0E11372CB1500B9DD85 /* Run Script */,
				8D1107290486CEB800E47090 /* Resources */,
				8D11072C0486CEB800E47090 /* Sources */,
				8D11072E0486CEB800E47090 /* Frameworks */,
			);
			buildRules = (
			);
			dependencies = (
			);
			name = "Legal Emulator";
			productInstallPath = "$(HOME)/Applications";
			productName = "Legal Emulator";
			productReference = 8D1107320486CEB800E47090 /* Legal Emulator.app */;
			productType = "com.apple.product-type.application";
		};
/* End PBXNativeTarget section */

/* Begin PBXProject section */
		29B97313FDCFA39411CA2CEA /* Project object */ = {
			isa = PBXProject;
			attributes = {
				ORGANIZATIONNAME = "Dan Knapp";
			};
			buildConfigurationList = C01FCF4E08A954540054247B /* Build configuration list for PBXProject "Legal Emulator" */;
			compatibilityVersion = "Xcode 3.2";
			developmentRegion = English;
			hasScannedForEncodings = 1;
			knownRegions = (
				en,
			);
			mainGroup = 29B97314FDCFA39411CA2CEA /* Legal Emulator */;
			projectDirPath = "";
			projectRoot = "";
			targets = (
				8D1107260486CEB800E47090 /* Legal Emulator */,
			);
		};
/* End PBXProject section */

/* Begin PBXResourcesBuildPhase section */
		8D1107290486CEB800E47090 /* Resources */ = {
			isa = PBXResourcesBuildPhase;
			buildActionMask = 2147483647;
			files = (
				8D11072B0486CEB800E47090 /* InfoPlist.strings in Resources */,
				1DDD58160DA1D0A300B32029 /* MainMenu.xib in Resources */,
				E23F8446136BDE66005F4E19 /* Legal-Game.icns in Resources */,
				E23F8447136BDE66005F4E19 /* Legal-Emulator.icns in Resources */,
			);
			runOnlyForDeploymentPostprocessing = 0;
		};
/* End PBXResourcesBuildPhase section */

/* Begin PBXShellScriptBuildPhase section */
		E29BE0E11372CB1500B9DD85 /* Run Script */ = {
			isa = PBXShellScriptBuildPhase;
			buildActionMask = 2147483647;
			files = (
			);
			inputPaths = (
				"$(PROJECT_DIR)/../BackEnd/legal-emulator.cabal",
				"$(PROJECT_DIR)/../BackEnd/Assembly.hs",
				"$(PROJECT_DIR)/../BackEnd/Emulator.hs",
				"$(PROJECT_DIR)/../BackEnd/FileFormat/INES.hs",
				"$(PROJECT_DIR)/../BackEnd/Motherboard/NES.hs",
				"$(PROJECT_DIR)/../BackEnd/PPU/PPU_NES.hs",
				"$(PROJECT_DIR)/../BackEnd/Processor/CPU_6502.hs",
				"$(PROJECT_DIR)/../BackEnd/EmulatorExtras.c",
			);
			name = "Run Script";
			outputPaths = (
				"$(BUILT_PRODUCTS_DIR)/libHSlegal-emulator-1.0$(HASKELL_LIBRARY_WAY).a",
				"$(BUILT_PRODUCTS_DIR)/Emulator_stub.h",
			);
			runOnlyForDeploymentPostprocessing = 0;
			shellPath = /bin/sh;
			shellScript = "cd \"${PROJECT_DIR}/../BackEnd/\"\n\"${CABAL}\" clean\n\"${CABAL}\" configure --enable-library-vanilla --disable-library-profiling --ghc-options=\"-optc=-DRTS_OPTS_ENABLED=RtsOptsNone\"\n\"${CABAL}\" build\ncp dist/build/libHSlegal-emulator-1.0.a dist/build/Emulator_stub.h \"${BUILT_PRODUCTS_DIR}\"\n\"${CABAL}\" clean\n\"${CABAL}\" configure --enable-library-vanilla --enable-library-profiling --ghc-options=\"-optc=-DRTS_OPTS_ENABLED=RtsOptsAll\"\n\"${CABAL}\" build\ncp dist/build/libHSlegal-emulator-1.0_p.a dist/build/Emulator_stub.h \"${BUILT_PRODUCTS_DIR}\"\n\"${CABAL}\" clean";
			showEnvVarsInLog = 0;
		};
/* End PBXShellScriptBuildPhase section */

/* Begin PBXSourcesBuildPhase section */
		8D11072C0486CEB800E47090 /* Sources */ = {
			isa = PBXSourcesBuildPhase;
			buildActionMask = 2147483647;
			files = (
				8D11072D0486CEB800E47090 /* main.m in Sources */,
				256AC3DA0F4B6AC300CF3369 /* AppDelegate.m in Sources */,
				E23F8487136BE2DF005F4E19 /* GameView.m in Sources */,
			);
			runOnlyForDeploymentPostprocessing = 0;
		};
/* End PBXSourcesBuildPhase section */

/* Begin PBXVariantGroup section */
		089C165CFE840E0CC02AAC07 /* InfoPlist.strings */ = {
			isa = PBXVariantGroup;
			children = (
				089C165DFE840E0CC02AAC07 /* English */,
			);
			name = InfoPlist.strings;
			sourceTree = "<group>";
		};
		1DDD58140DA1D0A300B32029 /* MainMenu.xib */ = {
			isa = PBXVariantGroup;
			children = (
				1DDD58150DA1D0A300B32029 /* English */,
			);
			name = MainMenu.xib;
			sourceTree = "<group>";
		};
/* End PBXVariantGroup section */

/* Begin XCBuildConfiguration section */
		C01FCF4B08A954540054247B /* Debug */ = {
			isa = XCBuildConfiguration;
			buildSettings = {
				COPY_PHASE_STRIP = NO;
				GCC_DYNAMIC_NO_PIC = NO;
				GCC_ENABLE_FIX_AND_CONTINUE = YES;
				GCC_PRECOMPILE_PREFIX_HEADER = YES;
				GCC_PREFIX_HEADER = Prefix.pch;
				HASKELL_LIBRARY_WAY = "";
				INFOPLIST_FILE = Info.plist;
				INSTALL_PATH = "$(HOME)/Applications";
				OTHER_LDFLAGS = (
					"$(BUILT_PRODUCTS_DIR)/libHSlegal-emulator-1.0$(HASKELL_LIBRARY_WAY).a",
					"$(GHC_LIBRARY_PATH)/libHSrts_thr$(HASKELL_LIBRARY_WAY).a",
					"$(GHC_LIBRARY_PATH)/libHSffi$(HASKELL_LIBRARY_WAY).a",
					"$(GHC_LIBRARY_PATH)/base-4.3.1.0/libHSbase-4.3.1.0$(HASKELL_LIBRARY_WAY).a",
					"$(GHC_LIBRARY_PATH)/integer-gmp-0.2.0.2/libHSinteger-gmp-0.2.0.2$(HASKELL_LIBRARY_WAY).a",
					"$(GHC_LIBRARY_PATH)/ghc-prim-0.2.0.0/libHSghc-prim-0.2.0.0$(HASKELL_LIBRARY_WAY).a",
					"$(GHC_LIBRARY_PATH)/bytestring-0.9.1.10/libHSbytestring-0.9.1.10$(HASKELL_LIBRARY_WAY).a",
					"$(GHC_LIBRARY_PATH)/array-0.3.0.2/libHSarray-0.3.0.2$(HASKELL_LIBRARY_WAY).a",
					"$(CABAL_LIBRARY_PATH)/utf8-string-0.3.6/libHSutf8-string-0.3.6$(HASKELL_LIBRARY_WAY).a",
					"$(CABAL_LIBRARY_PATH)/deepseq-1.1.0.2/libHSdeepseq-1.1.0.2$(HASKELL_LIBRARY_WAY).a",
					"$(GHC_LIBRARY_PATH)/containers-0.4.0.0/libHScontainers-0.4.0.0$(HASKELL_LIBRARY_WAY).a",
				);
				PRODUCT_NAME = "Legal Emulator";
			};
			name = Debug;
		};
		C01FCF4C08A954540054247B /* Release */ = {
			isa = XCBuildConfiguration;
			buildSettings = {
				DEBUG_INFORMATION_FORMAT = "dwarf-with-dsym";
				GCC_PRECOMPILE_PREFIX_HEADER = YES;
				GCC_PREFIX_HEADER = Prefix.pch;
				HASKELL_LIBRARY_WAY = "";
				INFOPLIST_FILE = Info.plist;
				INSTALL_PATH = "$(HOME)/Applications";
				OTHER_LDFLAGS = (
					"$(BUILT_PRODUCTS_DIR)/libHSlegal-emulator-1.0$(HASKELL_LIBRARY_WAY).a",
					"$(GHC_LIBRARY_PATH)/libHSrts_thr$(HASKELL_LIBRARY_WAY).a",
					"$(GHC_LIBRARY_PATH)/libHSffi$(HASKELL_LIBRARY_WAY).a",
					"$(GHC_LIBRARY_PATH)/base-4.3.1.0/libHSbase-4.3.1.0$(HASKELL_LIBRARY_WAY).a",
					"$(GHC_LIBRARY_PATH)/integer-gmp-0.2.0.2/libHSinteger-gmp-0.2.0.2$(HASKELL_LIBRARY_WAY).a",
					"$(GHC_LIBRARY_PATH)/ghc-prim-0.2.0.0/libHSghc-prim-0.2.0.0$(HASKELL_LIBRARY_WAY).a",
					"$(GHC_LIBRARY_PATH)/bytestring-0.9.1.10/libHSbytestring-0.9.1.10$(HASKELL_LIBRARY_WAY).a",
					"$(GHC_LIBRARY_PATH)/array-0.3.0.2/libHSarray-0.3.0.2$(HASKELL_LIBRARY_WAY).a",
					"$(CABAL_LIBRARY_PATH)/utf8-string-0.3.6/libHSutf8-string-0.3.6$(HASKELL_LIBRARY_WAY).a",
					"$(CABAL_LIBRARY_PATH)/deepseq-1.1.0.2/libHSdeepseq-1.1.0.2$(HASKELL_LIBRARY_WAY).a",
					"$(GHC_LIBRARY_PATH)/containers-0.4.0.0/libHScontainers-0.4.0.0$(HASKELL_LIBRARY_WAY).a",
				);
				PRODUCT_NAME = "Legal Emulator";
			};
			name = Release;
		};
		C01FCF4F08A954540054247B /* Debug */ = {
			isa = XCBuildConfiguration;
			buildSettings = {
				ARCHS = "$(ARCHS_STANDARD_64_BIT)";
				CABAL = "$(CABAL_PREFIX)/bin/cabal";
				CABAL_LIBRARY_PATH = "$(CABAL_PREFIX)/ghc-$(GHC_VERSION)/lib";
				CABAL_PREFIX = /usr/local/cabal;
				COPY_PHASE_STRIP = NO;
				DEBUG_INFORMATION_FORMAT = dwarf;
				GCC_C_LANGUAGE_STANDARD = c99;
				GCC_ENABLE_OBJC_GC = required;
				GCC_VERSION = com.apple.compilers.llvm.clang.1_0;
				GCC_WARN_ABOUT_RETURN_TYPE = YES;
				GCC_WARN_UNUSED_VARIABLE = YES;
				GENERATE_PROFILING_CODE = YES;
				GHC_ARCHITECTURE = x86_64;
				GHC_FRAMEWORK_PATH = "/Library/Frameworks/GHC.framework/Versions/$(GHC_VERSION)-$(GHC_ARCHITECTURE)";
				GHC_LIBRARY_PATH = "$(GHC_PREFIX)/usr/lib/ghc-$(GHC_VERSION)";
				GHC_PREFIX = "$(GHC_FRAMEWORK_PATH)";
				GHC_VERSION = 7.1.20110504;
				MACOSX_DEPLOYMENT_TARGET = 10.6;
				SDKROOT = macosx10.6;
				STRIP_INSTALLED_PRODUCT = NO;
			};
			name = Debug;
		};
		C01FCF5008A954540054247B /* Release */ = {
			isa = XCBuildConfiguration;
			buildSettings = {
				ARCHS = "$(ARCHS_STANDARD_64_BIT)";
				CABAL = "$(CABAL_PREFIX)/bin/cabal";
				CABAL_LIBRARY_PATH = "$(CABAL_PREFIX)/ghc-$(GHC_VERSION)/lib";
				CABAL_PREFIX = /usr/local/cabal;
				COPY_PHASE_STRIP = YES;
				DEBUG_INFORMATION_FORMAT = "dwarf-with-dsym";
				GCC_C_LANGUAGE_STANDARD = c99;
				GCC_ENABLE_OBJC_GC = required;
				GCC_VERSION = com.apple.compilers.llvm.clang.1_0;
				GCC_WARN_ABOUT_RETURN_TYPE = YES;
				GCC_WARN_UNUSED_VARIABLE = YES;
				GHC_ARCHITECTURE = x86_64;
				GHC_FRAMEWORK_PATH = "/Library/Frameworks/GHC.framework/Versions/$(GHC_VERSION)-$(GHC_ARCHITECTURE)";
				GHC_LIBRARY_PATH = "$(GHC_PREFIX)/usr/lib/ghc-$(GHC_VERSION)";
				GHC_PREFIX = "$(GHC_FRAMEWORK_PATH)";
				GHC_VERSION = 7.1.20110504;
				MACOSX_DEPLOYMENT_TARGET = 10.6;
				SDKROOT = macosx10.6;
				STRIP_INSTALLED_PRODUCT = YES;
			};
			name = Release;
		};
		E23F99C013723E52005F4E19 /* Profiling */ = {
			isa = XCBuildConfiguration;
			buildSettings = {
				ARCHS = "$(ARCHS_STANDARD_64_BIT)";
				CABAL = "$(CABAL_PREFIX)/bin/cabal";
				CABAL_LIBRARY_PATH = "$(CABAL_PREFIX)/ghc-$(GHC_VERSION)/lib";
				CABAL_PREFIX = /usr/local/cabal;
				COPY_PHASE_STRIP = NO;
				DEBUG_INFORMATION_FORMAT = dwarf;
				GCC_C_LANGUAGE_STANDARD = c99;
				GCC_ENABLE_OBJC_GC = required;
				GCC_VERSION = com.apple.compilers.llvm.clang.1_0;
				GCC_WARN_ABOUT_RETURN_TYPE = YES;
				GCC_WARN_UNUSED_VARIABLE = YES;
				GENERATE_PROFILING_CODE = YES;
				GHC_ARCHITECTURE = x86_64;
				GHC_FRAMEWORK_PATH = "/Library/Frameworks/GHC.framework/Versions/$(GHC_VERSION)-$(GHC_ARCHITECTURE)";
				GHC_LIBRARY_PATH = "$(GHC_PREFIX)/usr/lib/ghc-$(GHC_VERSION)";
				GHC_PREFIX = "$(GHC_FRAMEWORK_PATH)";
				GHC_VERSION = 7.1.20110504;
				MACOSX_DEPLOYMENT_TARGET = 10.6;
				SDKROOT = macosx10.6;
				STRIP_INSTALLED_PRODUCT = NO;
			};
			name = Profiling;
		};
		E23F99C113723E52005F4E19 /* Profiling */ = {
			isa = XCBuildConfiguration;
			buildSettings = {
				COPY_PHASE_STRIP = NO;
				GCC_DYNAMIC_NO_PIC = NO;
				GCC_ENABLE_FIX_AND_CONTINUE = YES;
				GCC_PRECOMPILE_PREFIX_HEADER = YES;
				GCC_PREFIX_HEADER = Prefix.pch;
				HASKELL_LIBRARY_WAY = _p;
				INFOPLIST_FILE = Info.plist;
				INSTALL_PATH = "$(HOME)/Applications";
				OTHER_LDFLAGS = (
					"$(BUILT_PRODUCTS_DIR)/libHSlegal-emulator-1.0$(HASKELL_LIBRARY_WAY).a",
					"$(GHC_LIBRARY_PATH)/libHSrts_thr$(HASKELL_LIBRARY_WAY).a",
					"$(GHC_LIBRARY_PATH)/libHSffi$(HASKELL_LIBRARY_WAY).a",
					"$(GHC_LIBRARY_PATH)/base-4.3.1.0/libHSbase-4.3.1.0$(HASKELL_LIBRARY_WAY).a",
					"$(GHC_LIBRARY_PATH)/integer-gmp-0.2.0.2/libHSinteger-gmp-0.2.0.2$(HASKELL_LIBRARY_WAY).a",
					"$(GHC_LIBRARY_PATH)/ghc-prim-0.2.0.0/libHSghc-prim-0.2.0.0$(HASKELL_LIBRARY_WAY).a",
					"$(GHC_LIBRARY_PATH)/bytestring-0.9.1.10/libHSbytestring-0.9.1.10$(HASKELL_LIBRARY_WAY).a",
					"$(GHC_LIBRARY_PATH)/array-0.3.0.2/libHSarray-0.3.0.2$(HASKELL_LIBRARY_WAY).a",
					"$(CABAL_LIBRARY_PATH)/utf8-string-0.3.6/libHSutf8-string-0.3.6$(HASKELL_LIBRARY_WAY).a",
					"$(CABAL_LIBRARY_PATH)/deepseq-1.1.0.2/libHSdeepseq-1.1.0.2$(HASKELL_LIBRARY_WAY).a",
					"$(GHC_LIBRARY_PATH)/containers-0.4.0.0/libHScontainers-0.4.0.0$(HASKELL_LIBRARY_WAY).a",
				);
				PRODUCT_NAME = "Legal Emulator";
			};
			name = Profiling;
		};
/* End XCBuildConfiguration section */

/* Begin XCConfigurationList section */
		C01FCF4A08A954540054247B /* Build configuration list for PBXNativeTarget "Legal Emulator" */ = {
			isa = XCConfigurationList;
			buildConfigurations = (
				C01FCF4B08A954540054247B /* Debug */,
				E23F99C113723E52005F4E19 /* Profiling */,
				C01FCF4C08A954540054247B /* Release */,
			);
			defaultConfigurationIsVisible = 0;
			defaultConfigurationName = Release;
		};
		C01FCF4E08A954540054247B /* Build configuration list for PBXProject "Legal Emulator" */ = {
			isa = XCConfigurationList;
			buildConfigurations = (
				C01FCF4F08A954540054247B /* Debug */,
				E23F99C013723E52005F4E19 /* Profiling */,
				C01FCF5008A954540054247B /* Release */,
			);
			defaultConfigurationIsVisible = 0;
			defaultConfigurationName = Release;
		};
/* End XCConfigurationList section */
	};
	rootObject = 29B97313FDCFA39411CA2CEA /* Project object */;
}
