// !$*UTF8*$!
{
	archiveVersion = 1;
	classes = {
	};
	objectVersion = 45;
	objects = {

/* Begin PBXBuildFile section */
		1DDD58160DA1D0A300B32029 /* MainMenu.xib in Resources */ = {isa = PBXBuildFile; fileRef = 1DDD58140DA1D0A300B32029 /* MainMenu.xib */; };
		256AC3DA0F4B6AC300CF3369 /* AppDelegate.m in Sources */ = {isa = PBXBuildFile; fileRef = 256AC3D90F4B6AC300CF3369 /* AppDelegate.m */; };
		8D11072B0486CEB800E47090 /* InfoPlist.strings in Resources */ = {isa = PBXBuildFile; fileRef = 089C165CFE840E0CC02AAC07 /* InfoPlist.strings */; };
		8D11072D0486CEB800E47090 /* main.m in Sources */ = {isa = PBXBuildFile; fileRef = 29B97316FDCFA39411CA2CEA /* main.m */; settings = {ATTRIBUTES = (); }; };
		8D11072F0486CEB800E47090 /* Cocoa.framework in Frameworks */ = {isa = PBXBuildFile; fileRef = 1058C7A1FEA54F0111CA2CBB /* Cocoa.framework */; };
		E23F8446136BDE66005F4E19 /* Legal-Game.icns in Resources */ = {isa = PBXBuildFile; fileRef = E23F8444136BDE66005F4E19 /* Legal-Game.icns */; };
		E23F8447136BDE66005F4E19 /* Legal-Emulator.icns in Resources */ = {isa = PBXBuildFile; fileRef = E23F8445136BDE66005F4E19 /* Legal-Emulator.icns */; };
		E23F8487136BE2DF005F4E19 /* GameView.m in Sources */ = {isa = PBXBuildFile; fileRef = E23F8486136BE2DF005F4E19 /* GameView.m */; };
		E23F849C136BE692005F4E19 /* OpenGL.framework in Frameworks */ = {isa = PBXBuildFile; fileRef = E23F849B136BE692005F4E19 /* OpenGL.framework */; };
		E23F8504136BFCEB005F4E19 /* libHSlegal-emulator-1.0.a in Frameworks */ = {isa = PBXBuildFile; fileRef = E23F8503136BFCEB005F4E19 /* libHSlegal-emulator-1.0.a */; };
		E23F8520136C022D005F4E19 /* libHSrts_thr.a in Frameworks */ = {isa = PBXBuildFile; fileRef = E23F851E136C022D005F4E19 /* libHSrts_thr.a */; };
		E23F8521136C022D005F4E19 /* libHSffi.a in Frameworks */ = {isa = PBXBuildFile; fileRef = E23F851F136C022D005F4E19 /* libHSffi.a */; };
		E23F8525136C0241005F4E19 /* libHSbase-4.3.1.0.a in Frameworks */ = {isa = PBXBuildFile; fileRef = E23F8524136C0241005F4E19 /* libHSbase-4.3.1.0.a */; };
		E23F8529136C029F005F4E19 /* libHSghc-prim-0.2.0.0.a in Frameworks */ = {isa = PBXBuildFile; fileRef = E23F8528136C029F005F4E19 /* libHSghc-prim-0.2.0.0.a */; };
		E23F852D136C02BF005F4E19 /* libHSbytestring-0.9.1.10.a in Frameworks */ = {isa = PBXBuildFile; fileRef = E23F852C136C02BF005F4E19 /* libHSbytestring-0.9.1.10.a */; };
		E23F8531136C043D005F4E19 /* libHSinteger-gmp-0.2.0.2.a in Frameworks */ = {isa = PBXBuildFile; fileRef = E23F8530136C043D005F4E19 /* libHSinteger-gmp-0.2.0.2.a */; };
		E23F8535136C0450005F4E19 /* libiconv.2.dylib in Frameworks */ = {isa = PBXBuildFile; fileRef = E23F8534136C0450005F4E19 /* libiconv.2.dylib */; };
		E23F8539136C046C005F4E19 /* libHSarray-0.3.0.2.a in Frameworks */ = {isa = PBXBuildFile; fileRef = E23F8538136C046C005F4E19 /* libHSarray-0.3.0.2.a */; };
		E23F890E136C3F7F005F4E19 /* Emulator.hs in Resources */ = {isa = PBXBuildFile; fileRef = E23F890A136C3F7F005F4E19 /* Emulator.hs */; };
		E23F890F136C3F7F005F4E19 /* EmulatorExtras.c in Sources */ = {isa = PBXBuildFile; fileRef = E23F890B136C3F7F005F4E19 /* EmulatorExtras.c */; };
		E23F8910136C3F7F005F4E19 /* legal-emulator.cabal in Resources */ = {isa = PBXBuildFile; fileRef = E23F890C136C3F7F005F4E19 /* legal-emulator.cabal */; };
		E23F8911136C3F7F005F4E19 /* Test.hs in Resources */ = {isa = PBXBuildFile; fileRef = E23F890D136C3F7F005F4E19 /* Test.hs */; };
		E23F8913136C3F88005F4E19 /* PPU_NES.hs in Resources */ = {isa = PBXBuildFile; fileRef = E23F8912136C3F88005F4E19 /* PPU_NES.hs */; };
		E23F8915136C3F8F005F4E19 /* NES.hs in Resources */ = {isa = PBXBuildFile; fileRef = E23F8914136C3F8F005F4E19 /* NES.hs */; };
		E23F8917136C3FA2005F4E19 /* CPU_6502.hs in Resources */ = {isa = PBXBuildFile; fileRef = E23F8916136C3FA2005F4E19 /* CPU_6502.hs */; };
		E23F8919136C3FAA005F4E19 /* INES.hs in Resources */ = {isa = PBXBuildFile; fileRef = E23F8918136C3FAA005F4E19 /* INES.hs */; };
/* End PBXBuildFile section */

/* Begin PBXFileReference section */
		089C165DFE840E0CC02AAC07 /* English */ = {isa = PBXFileReference; fileEncoding = 4; lastKnownFileType = text.plist.strings; name = English; path = English.lproj/InfoPlist.strings; sourceTree = "<group>"; };
		1058C7A1FEA54F0111CA2CBB /* Cocoa.framework */ = {isa = PBXFileReference; lastKnownFileType = wrapper.framework; name = Cocoa.framework; path = /System/Library/Frameworks/Cocoa.framework; sourceTree = "<absolute>"; };
		1DDD58150DA1D0A300B32029 /* English */ = {isa = PBXFileReference; lastKnownFileType = file.xib; name = English; path = English.lproj/MainMenu.xib; sourceTree = "<group>"; };
		256AC3D80F4B6AC300CF3369 /* AppDelegate.h */ = {isa = PBXFileReference; fileEncoding = 4; lastKnownFileType = sourcecode.c.h; path = AppDelegate.h; sourceTree = "<group>"; };
		256AC3D90F4B6AC300CF3369 /* AppDelegate.m */ = {isa = PBXFileReference; fileEncoding = 4; lastKnownFileType = sourcecode.c.objc; path = AppDelegate.m; sourceTree = "<group>"; };
		256AC3F00F4B6AF500CF3369 /* Prefix.pch */ = {isa = PBXFileReference; fileEncoding = 4; lastKnownFileType = sourcecode.c.h; path = Prefix.pch; sourceTree = "<group>"; };
		29B97316FDCFA39411CA2CEA /* main.m */ = {isa = PBXFileReference; fileEncoding = 4; lastKnownFileType = sourcecode.c.objc; path = main.m; sourceTree = "<group>"; };
		29B97324FDCFA39411CA2CEA /* AppKit.framework */ = {isa = PBXFileReference; lastKnownFileType = wrapper.framework; name = AppKit.framework; path = /System/Library/Frameworks/AppKit.framework; sourceTree = "<absolute>"; };
		29B97325FDCFA39411CA2CEA /* Foundation.framework */ = {isa = PBXFileReference; lastKnownFileType = wrapper.framework; name = Foundation.framework; path = /System/Library/Frameworks/Foundation.framework; sourceTree = "<absolute>"; };
		8D1107310486CEB800E47090 /* Info.plist */ = {isa = PBXFileReference; fileEncoding = 4; lastKnownFileType = text.plist.xml; path = Info.plist; sourceTree = "<group>"; };
		8D1107320486CEB800E47090 /* Legal Emulator.app */ = {isa = PBXFileReference; explicitFileType = wrapper.application; includeInIndex = 0; path = "Legal Emulator.app"; sourceTree = BUILT_PRODUCTS_DIR; };
		E23F8444136BDE66005F4E19 /* Legal-Game.icns */ = {isa = PBXFileReference; lastKnownFileType = image.icns; path = "Legal-Game.icns"; sourceTree = "<group>"; };
		E23F8445136BDE66005F4E19 /* Legal-Emulator.icns */ = {isa = PBXFileReference; lastKnownFileType = image.icns; path = "Legal-Emulator.icns"; sourceTree = "<group>"; };
		E23F8485136BE2DF005F4E19 /* GameView.h */ = {isa = PBXFileReference; fileEncoding = 4; lastKnownFileType = sourcecode.c.h; path = GameView.h; sourceTree = "<group>"; };
		E23F8486136BE2DF005F4E19 /* GameView.m */ = {isa = PBXFileReference; fileEncoding = 4; lastKnownFileType = sourcecode.c.objc; path = GameView.m; sourceTree = "<group>"; };
		E23F849B136BE692005F4E19 /* OpenGL.framework */ = {isa = PBXFileReference; lastKnownFileType = wrapper.framework; name = OpenGL.framework; path = System/Library/Frameworks/OpenGL.framework; sourceTree = SDKROOT; };
		E23F8501136BFCA0005F4E19 /* Emulator_stub.h */ = {isa = PBXFileReference; fileEncoding = 4; lastKnownFileType = sourcecode.c.h; name = Emulator_stub.h; path = ../BackEnd/dist/build/Emulator_stub.h; sourceTree = SOURCE_ROOT; };
		E23F8503136BFCEB005F4E19 /* libHSlegal-emulator-1.0.a */ = {isa = PBXFileReference; lastKnownFileType = archive.ar; name = "libHSlegal-emulator-1.0.a"; path = "../BackEnd/dist/build/libHSlegal-emulator-1.0.a"; sourceTree = SOURCE_ROOT; };
		E23F851E136C022D005F4E19 /* libHSrts_thr.a */ = {isa = PBXFileReference; lastKnownFileType = archive.ar; name = libHSrts_thr.a; path = "/Library/Frameworks/GHC.framework/Versions/7.1.20110125-x86_64/usr/lib/ghc-7.1.20110125/libHSrts_thr.a"; sourceTree = "<absolute>"; };
		E23F851F136C022D005F4E19 /* libHSffi.a */ = {isa = PBXFileReference; lastKnownFileType = archive.ar; name = libHSffi.a; path = "/Library/Frameworks/GHC.framework/Versions/7.1.20110125-x86_64/usr/lib/ghc-7.1.20110125/libHSffi.a"; sourceTree = "<absolute>"; };
		E23F8524136C0241005F4E19 /* libHSbase-4.3.1.0.a */ = {isa = PBXFileReference; lastKnownFileType = archive.ar; name = "libHSbase-4.3.1.0.a"; path = "/Library/Frameworks/GHC.framework/Versions/7.1.20110125-x86_64/usr/lib/ghc-7.1.20110125/base-4.3.1.0/libHSbase-4.3.1.0.a"; sourceTree = "<absolute>"; };
		E23F8528136C029F005F4E19 /* libHSghc-prim-0.2.0.0.a */ = {isa = PBXFileReference; lastKnownFileType = archive.ar; name = "libHSghc-prim-0.2.0.0.a"; path = "/Library/Frameworks/GHC.framework/Versions/7.1.20110125-x86_64/usr/lib/ghc-7.1.20110125/ghc-prim-0.2.0.0/libHSghc-prim-0.2.0.0.a"; sourceTree = "<absolute>"; };
		E23F852C136C02BF005F4E19 /* libHSbytestring-0.9.1.10.a */ = {isa = PBXFileReference; lastKnownFileType = archive.ar; name = "libHSbytestring-0.9.1.10.a"; path = "/Library/Frameworks/GHC.framework/Versions/7.1.20110125-x86_64/usr/lib/ghc-7.1.20110125/bytestring-0.9.1.10/libHSbytestring-0.9.1.10.a"; sourceTree = "<absolute>"; };
		E23F8530136C043D005F4E19 /* libHSinteger-gmp-0.2.0.2.a */ = {isa = PBXFileReference; lastKnownFileType = archive.ar; name = "libHSinteger-gmp-0.2.0.2.a"; path = "/Library/Frameworks/GHC.framework/Versions/7.1.20110125-x86_64/usr/lib/ghc-7.1.20110125/integer-gmp-0.2.0.2/libHSinteger-gmp-0.2.0.2.a"; sourceTree = "<absolute>"; };
		E23F8534136C0450005F4E19 /* libiconv.2.dylib */ = {isa = PBXFileReference; lastKnownFileType = "compiled.mach-o.dylib"; name = libiconv.2.dylib; path = /usr/lib/libiconv.2.dylib; sourceTree = "<absolute>"; };
		E23F8538136C046C005F4E19 /* libHSarray-0.3.0.2.a */ = {isa = PBXFileReference; lastKnownFileType = archive.ar; name = "libHSarray-0.3.0.2.a"; path = "/Library/Frameworks/GHC.framework/Versions/7.1.20110125-x86_64/usr/lib/ghc-7.1.20110125/array-0.3.0.2/libHSarray-0.3.0.2.a"; sourceTree = "<absolute>"; };
		E23F8589136C0B4C005F4E19 /* HsFFI.h */ = {isa = PBXFileReference; fileEncoding = 4; lastKnownFileType = sourcecode.c.h; name = HsFFI.h; path = "/Library/Frameworks/GHC.framework/Versions/7.1.20110125-x86_64/usr/lib/ghc-7.1.20110125/include/HsFFI.h"; sourceTree = "<absolute>"; };
		E23F859A136C0BC3005F4E19 /* Emulator.h */ = {isa = PBXFileReference; fileEncoding = 4; lastKnownFileType = sourcecode.c.h; name = Emulator.h; path = ../BackEnd/Emulator.h; sourceTree = SOURCE_ROOT; };
		E23F890A136C3F7F005F4E19 /* Emulator.hs */ = {isa = PBXFileReference; fileEncoding = 4; lastKnownFileType = text; name = Emulator.hs; path = ../BackEnd/Emulator.hs; sourceTree = SOURCE_ROOT; };
		E23F890B136C3F7F005F4E19 /* EmulatorExtras.c */ = {isa = PBXFileReference; fileEncoding = 4; lastKnownFileType = sourcecode.c.c; name = EmulatorExtras.c; path = ../BackEnd/EmulatorExtras.c; sourceTree = SOURCE_ROOT; };
		E23F890C136C3F7F005F4E19 /* legal-emulator.cabal */ = {isa = PBXFileReference; fileEncoding = 4; lastKnownFileType = text; name = "legal-emulator.cabal"; path = "../BackEnd/legal-emulator.cabal"; sourceTree = SOURCE_ROOT; };
		E23F890D136C3F7F005F4E19 /* Test.hs */ = {isa = PBXFileReference; fileEncoding = 4; lastKnownFileType = text; name = Test.hs; path = ../BackEnd/Test.hs; sourceTree = SOURCE_ROOT; };
		E23F8912136C3F88005F4E19 /* PPU_NES.hs */ = {isa = PBXFileReference; fileEncoding = 4; lastKnownFileType = text; name = PPU_NES.hs; path = ../BackEnd/PPU/PPU_NES.hs; sourceTree = SOURCE_ROOT; };
		E23F8914136C3F8F005F4E19 /* NES.hs */ = {isa = PBXFileReference; fileEncoding = 4; lastKnownFileType = text; name = NES.hs; path = ../BackEnd/Motherboard/NES.hs; sourceTree = SOURCE_ROOT; };
		E23F8916136C3FA2005F4E19 /* CPU_6502.hs */ = {isa = PBXFileReference; fileEncoding = 4; lastKnownFileType = text; name = CPU_6502.hs; path = ../BackEnd/Processor/CPU_6502.hs; sourceTree = SOURCE_ROOT; };
		E23F8918136C3FAA005F4E19 /* INES.hs */ = {isa = PBXFileReference; fileEncoding = 4; lastKnownFileType = text; name = INES.hs; path = ../BackEnd/FileFormat/INES.hs; sourceTree = SOURCE_ROOT; };
/* End PBXFileReference section */

/* Begin PBXFrameworksBuildPhase section */
		8D11072E0486CEB800E47090 /* Frameworks */ = {
			isa = PBXFrameworksBuildPhase;
			buildActionMask = 2147483647;
			files = (
				8D11072F0486CEB800E47090 /* Cocoa.framework in Frameworks */,
				E23F849C136BE692005F4E19 /* OpenGL.framework in Frameworks */,
				E23F8504136BFCEB005F4E19 /* libHSlegal-emulator-1.0.a in Frameworks */,
				E23F8520136C022D005F4E19 /* libHSrts_thr.a in Frameworks */,
				E23F8521136C022D005F4E19 /* libHSffi.a in Frameworks */,
				E23F8525136C0241005F4E19 /* libHSbase-4.3.1.0.a in Frameworks */,
				E23F8529136C029F005F4E19 /* libHSghc-prim-0.2.0.0.a in Frameworks */,
				E23F852D136C02BF005F4E19 /* libHSbytestring-0.9.1.10.a in Frameworks */,
				E23F8531136C043D005F4E19 /* libHSinteger-gmp-0.2.0.2.a in Frameworks */,
				E23F8535136C0450005F4E19 /* libiconv.2.dylib in Frameworks */,
				E23F8539136C046C005F4E19 /* libHSarray-0.3.0.2.a in Frameworks */,
			);
			runOnlyForDeploymentPostprocessing = 0;
		};
/* End PBXFrameworksBuildPhase section */

/* Begin PBXGroup section */
		080E96DDFE201D6D7F000001 /* Classes */ = {
			isa = PBXGroup;
			children = (
				256AC3D80F4B6AC300CF3369 /* AppDelegate.h */,
				256AC3D90F4B6AC300CF3369 /* AppDelegate.m */,
				E23F8485136BE2DF005F4E19 /* GameView.h */,
				E23F8486136BE2DF005F4E19 /* GameView.m */,
			);
			name = Classes;
			sourceTree = "<group>";
		};
		1058C7A0FEA54F0111CA2CBB /* Linked Frameworks */ = {
			isa = PBXGroup;
			children = (
				E23F8538136C046C005F4E19 /* libHSarray-0.3.0.2.a */,
				E23F8534136C0450005F4E19 /* libiconv.2.dylib */,
				E23F8530136C043D005F4E19 /* libHSinteger-gmp-0.2.0.2.a */,
				E23F852C136C02BF005F4E19 /* libHSbytestring-0.9.1.10.a */,
				E23F8528136C029F005F4E19 /* libHSghc-prim-0.2.0.0.a */,
				E23F8524136C0241005F4E19 /* libHSbase-4.3.1.0.a */,
				E23F851E136C022D005F4E19 /* libHSrts_thr.a */,
				E23F851F136C022D005F4E19 /* libHSffi.a */,
				E23F8503136BFCEB005F4E19 /* libHSlegal-emulator-1.0.a */,
				1058C7A1FEA54F0111CA2CBB /* Cocoa.framework */,
				E23F849B136BE692005F4E19 /* OpenGL.framework */,
			);
			name = "Linked Frameworks";
			sourceTree = "<group>";
		};
		1058C7A2FEA54F0111CA2CBB /* Other Frameworks */ = {
			isa = PBXGroup;
			children = (
				29B97324FDCFA39411CA2CEA /* AppKit.framework */,
				29B97325FDCFA39411CA2CEA /* Foundation.framework */,
			);
			name = "Other Frameworks";
			sourceTree = "<group>";
		};
		19C28FACFE9D520D11CA2CBB /* Products */ = {
			isa = PBXGroup;
			children = (
				8D1107320486CEB800E47090 /* Legal Emulator.app */,
			);
			name = Products;
			sourceTree = "<group>";
		};
		29B97314FDCFA39411CA2CEA /* Legal Emulator */ = {
			isa = PBXGroup;
			children = (
				080E96DDFE201D6D7F000001 /* Classes */,
				E23F8909136C3F68005F4E19 /* Backend Sources */,
				29B97315FDCFA39411CA2CEA /* Other Sources */,
				29B97317FDCFA39411CA2CEA /* Resources */,
				29B97323FDCFA39411CA2CEA /* Frameworks */,
				19C28FACFE9D520D11CA2CBB /* Products */,
			);
			name = "Legal Emulator";
			sourceTree = "<group>";
		};
		29B97315FDCFA39411CA2CEA /* Other Sources */ = {
			isa = PBXGroup;
			children = (
				E23F859A136C0BC3005F4E19 /* Emulator.h */,
				E23F8589136C0B4C005F4E19 /* HsFFI.h */,
				E23F8501136BFCA0005F4E19 /* Emulator_stub.h */,
				256AC3F00F4B6AF500CF3369 /* Prefix.pch */,
				29B97316FDCFA39411CA2CEA /* main.m */,
			);
			name = "Other Sources";
			sourceTree = "<group>";
		};
		29B97317FDCFA39411CA2CEA /* Resources */ = {
			isa = PBXGroup;
			children = (
				E23F8444136BDE66005F4E19 /* Legal-Game.icns */,
				E23F8445136BDE66005F4E19 /* Legal-Emulator.icns */,
				8D1107310486CEB800E47090 /* Info.plist */,
				089C165CFE840E0CC02AAC07 /* InfoPlist.strings */,
				1DDD58140DA1D0A300B32029 /* MainMenu.xib */,
			);
			name = Resources;
			sourceTree = "<group>";
		};
		29B97323FDCFA39411CA2CEA /* Frameworks */ = {
			isa = PBXGroup;
			children = (
				1058C7A0FEA54F0111CA2CBB /* Linked Frameworks */,
				1058C7A2FEA54F0111CA2CBB /* Other Frameworks */,
			);
			name = Frameworks;
			sourceTree = "<group>";
		};
		E23F8909136C3F68005F4E19 /* Backend Sources */ = {
			isa = PBXGroup;
			children = (
				E23F8918136C3FAA005F4E19 /* INES.hs */,
				E23F8916136C3FA2005F4E19 /* CPU_6502.hs */,
				E23F8914136C3F8F005F4E19 /* NES.hs */,
				E23F8912136C3F88005F4E19 /* PPU_NES.hs */,
				E23F890A136C3F7F005F4E19 /* Emulator.hs */,
				E23F890B136C3F7F005F4E19 /* EmulatorExtras.c */,
				E23F890C136C3F7F005F4E19 /* legal-emulator.cabal */,
				E23F890D136C3F7F005F4E19 /* Test.hs */,
			);
			name = "Backend Sources";
			sourceTree = "<group>";
		};
/* End PBXGroup section */

/* Begin PBXNativeTarget section */
		8D1107260486CEB800E47090 /* Legal Emulator */ = {
			isa = PBXNativeTarget;
			buildConfigurationList = C01FCF4A08A954540054247B /* Build configuration list for PBXNativeTarget "Legal Emulator" */;
			buildPhases = (
				E23F87C3136C262C005F4E19 /* ShellScript */,
				8D1107290486CEB800E47090 /* Resources */,
				8D11072C0486CEB800E47090 /* Sources */,
				8D11072E0486CEB800E47090 /* Frameworks */,
			);
			buildRules = (
			);
			dependencies = (
			);
			name = "Legal Emulator";
			productInstallPath = "$(HOME)/Applications";
			productName = "Legal Emulator";
			productReference = 8D1107320486CEB800E47090 /* Legal Emulator.app */;
			productType = "com.apple.product-type.application";
		};
/* End PBXNativeTarget section */

/* Begin PBXProject section */
		29B97313FDCFA39411CA2CEA /* Project object */ = {
			isa = PBXProject;
			attributes = {
				ORGANIZATIONNAME = "Dan Knapp";
			};
			buildConfigurationList = C01FCF4E08A954540054247B /* Build configuration list for PBXProject "Legal Emulator" */;
			compatibilityVersion = "Xcode 3.1";
			hasScannedForEncodings = 1;
			mainGroup = 29B97314FDCFA39411CA2CEA /* Legal Emulator */;
			projectDirPath = "";
			projectRoot = "";
			targets = (
				8D1107260486CEB800E47090 /* Legal Emulator */,
			);
		};
/* End PBXProject section */

/* Begin PBXResourcesBuildPhase section */
		8D1107290486CEB800E47090 /* Resources */ = {
			isa = PBXResourcesBuildPhase;
			buildActionMask = 2147483647;
			files = (
				8D11072B0486CEB800E47090 /* InfoPlist.strings in Resources */,
				1DDD58160DA1D0A300B32029 /* MainMenu.xib in Resources */,
				E23F8446136BDE66005F4E19 /* Legal-Game.icns in Resources */,
				E23F8447136BDE66005F4E19 /* Legal-Emulator.icns in Resources */,
				E23F890E136C3F7F005F4E19 /* Emulator.hs in Resources */,
				E23F8910136C3F7F005F4E19 /* legal-emulator.cabal in Resources */,
				E23F8911136C3F7F005F4E19 /* Test.hs in Resources */,
				E23F8913136C3F88005F4E19 /* PPU_NES.hs in Resources */,
				E23F8915136C3F8F005F4E19 /* NES.hs in Resources */,
				E23F8917136C3FA2005F4E19 /* CPU_6502.hs in Resources */,
				E23F8919136C3FAA005F4E19 /* INES.hs in Resources */,
			);
			runOnlyForDeploymentPostprocessing = 0;
		};
/* End PBXResourcesBuildPhase section */

/* Begin PBXShellScriptBuildPhase section */
		E23F87C3136C262C005F4E19 /* ShellScript */ = {
			isa = PBXShellScriptBuildPhase;
			buildActionMask = 2147483647;
			files = (
			);
			inputPaths = (
				"$(PROJECT_DIR)/../BackEnd/Emulator.h",
				"$(PROJECT_DIR)/../BackEnd/legal-emulator.cabal",
				"$(PROJECT_DIR)/../BackEnd/EmulatorExtras.c",
				"$(PROJECT_DIR)/../BackEnd/Emulator.hs",
				"$(PROJECT_DIR)/../BackEnd/FileFormat/INES.hs",
				"$(PROJECT_DIR)/../BackEnd/Motherboard/NES.hs",
				"$(PROJECT_DIR)/../BackEnd/PPU/PPU_NES.hs",
				"$(PROJECT_DIR)/../BackEnd/Processor/CPU_6502.hs",
			);
			outputPaths = (
				"$(PROJECT_DIR)/../BackEnd/dist/build/libHSlegal-emulator-1.0.a",
			);
			runOnlyForDeploymentPostprocessing = 0;
			shellPath = /bin/sh;
			shellScript = "cd \"${PROJECT_DIR}/../BackEnd/\"\ncabal configure\ncabal build\n";
			showEnvVarsInLog = 0;
		};
/* End PBXShellScriptBuildPhase section */

/* Begin PBXSourcesBuildPhase section */
		8D11072C0486CEB800E47090 /* Sources */ = {
			isa = PBXSourcesBuildPhase;
			buildActionMask = 2147483647;
			files = (
				8D11072D0486CEB800E47090 /* main.m in Sources */,
				256AC3DA0F4B6AC300CF3369 /* AppDelegate.m in Sources */,
				E23F8487136BE2DF005F4E19 /* GameView.m in Sources */,
				E23F890F136C3F7F005F4E19 /* EmulatorExtras.c in Sources */,
			);
			runOnlyForDeploymentPostprocessing = 0;
		};
/* End PBXSourcesBuildPhase section */

/* Begin PBXVariantGroup section */
		089C165CFE840E0CC02AAC07 /* InfoPlist.strings */ = {
			isa = PBXVariantGroup;
			children = (
				089C165DFE840E0CC02AAC07 /* English */,
			);
			name = InfoPlist.strings;
			sourceTree = "<group>";
		};
		1DDD58140DA1D0A300B32029 /* MainMenu.xib */ = {
			isa = PBXVariantGroup;
			children = (
				1DDD58150DA1D0A300B32029 /* English */,
			);
			name = MainMenu.xib;
			sourceTree = "<group>";
		};
/* End PBXVariantGroup section */

/* Begin XCBuildConfiguration section */
		C01FCF4B08A954540054247B /* Debug */ = {
			isa = XCBuildConfiguration;
			buildSettings = {
				ALWAYS_SEARCH_USER_PATHS = NO;
				COPY_PHASE_STRIP = NO;
				GCC_DYNAMIC_NO_PIC = NO;
				GCC_ENABLE_FIX_AND_CONTINUE = YES;
				GCC_MODEL_TUNING = G5;
				GCC_OPTIMIZATION_LEVEL = 0;
				GCC_PRECOMPILE_PREFIX_HEADER = YES;
				GCC_PREFIX_HEADER = Prefix.pch;
				INFOPLIST_FILE = Info.plist;
				INSTALL_PATH = "$(HOME)/Applications";
				LIBRARY_SEARCH_PATHS = (
					"$(inherited)",
					"\"$(SRCROOT)/../BackEnd/dist/build\"",
					"\"$(LOCAL_LIBRARY_DIR)/Frameworks/GHC.framework/Versions/7.1.20110125-x86_64/usr/lib/ghc-7.1.20110125\"",
					"\"$(LOCAL_LIBRARY_DIR)/Frameworks/GHC.framework/Versions/7.1.20110125-x86_64/usr/lib/ghc-7.1.20110125/base-4.3.1.0\"",
					"\"$(LOCAL_LIBRARY_DIR)/Frameworks/GHC.framework/Versions/7.1.20110125-x86_64/usr/lib/ghc-7.1.20110125/ghc-prim-0.2.0.0\"",
					"\"$(LOCAL_LIBRARY_DIR)/Frameworks/GHC.framework/Versions/7.1.20110125-x86_64/usr/lib/ghc-7.1.20110125/bytestring-0.9.1.10\"",
					"\"$(LOCAL_LIBRARY_DIR)/Frameworks/GHC.framework/Versions/7.1.20110125-x86_64/usr/lib/ghc-7.1.20110125/integer-gmp-0.2.0.2\"",
					"\"$(LOCAL_LIBRARY_DIR)/Frameworks/GHC.framework/Versions/7.1.20110125-x86_64/usr/lib/ghc-7.1.20110125/array-0.3.0.2\"",
				);
				PRODUCT_NAME = "Legal Emulator";
			};
			name = Debug;
		};
		C01FCF4C08A954540054247B /* Release */ = {
			isa = XCBuildConfiguration;
			buildSettings = {
				ALWAYS_SEARCH_USER_PATHS = NO;
				DEBUG_INFORMATION_FORMAT = "dwarf-with-dsym";
				GCC_MODEL_TUNING = G5;
				GCC_PRECOMPILE_PREFIX_HEADER = YES;
				GCC_PREFIX_HEADER = Prefix.pch;
				INFOPLIST_FILE = Info.plist;
				INSTALL_PATH = "$(HOME)/Applications";
				LIBRARY_SEARCH_PATHS = (
					"$(inherited)",
					"\"$(SRCROOT)/../BackEnd/dist/build\"",
					"\"$(LOCAL_LIBRARY_DIR)/Frameworks/GHC.framework/Versions/7.1.20110125-x86_64/usr/lib/ghc-7.1.20110125\"",
					"\"$(LOCAL_LIBRARY_DIR)/Frameworks/GHC.framework/Versions/7.1.20110125-x86_64/usr/lib/ghc-7.1.20110125/base-4.3.1.0\"",
					"\"$(LOCAL_LIBRARY_DIR)/Frameworks/GHC.framework/Versions/7.1.20110125-x86_64/usr/lib/ghc-7.1.20110125/ghc-prim-0.2.0.0\"",
					"\"$(LOCAL_LIBRARY_DIR)/Frameworks/GHC.framework/Versions/7.1.20110125-x86_64/usr/lib/ghc-7.1.20110125/bytestring-0.9.1.10\"",
					"\"$(LOCAL_LIBRARY_DIR)/Frameworks/GHC.framework/Versions/7.1.20110125-x86_64/usr/lib/ghc-7.1.20110125/integer-gmp-0.2.0.2\"",
					"\"$(LOCAL_LIBRARY_DIR)/Frameworks/GHC.framework/Versions/7.1.20110125-x86_64/usr/lib/ghc-7.1.20110125/array-0.3.0.2\"",
				);
				PRODUCT_NAME = "Legal Emulator";
			};
			name = Release;
		};
		C01FCF4F08A954540054247B /* Debug */ = {
			isa = XCBuildConfiguration;
			buildSettings = {
				ARCHS = "$(ARCHS_STANDARD_32_64_BIT)";
				GCC_C_LANGUAGE_STANDARD = gnu99;
				GCC_ENABLE_OBJC_GC = required;
				GCC_OPTIMIZATION_LEVEL = 0;
				GCC_WARN_ABOUT_RETURN_TYPE = YES;
				GCC_WARN_UNUSED_VARIABLE = YES;
				ONLY_ACTIVE_ARCH = YES;
				PREBINDING = NO;
				SDKROOT = macosx10.6;
			};
			name = Debug;
		};
		C01FCF5008A954540054247B /* Release */ = {
			isa = XCBuildConfiguration;
			buildSettings = {
				ARCHS = "$(ARCHS_STANDARD_32_64_BIT)";
				GCC_C_LANGUAGE_STANDARD = gnu99;
				GCC_ENABLE_OBJC_GC = required;
				GCC_WARN_ABOUT_RETURN_TYPE = YES;
				GCC_WARN_UNUSED_VARIABLE = YES;
				PREBINDING = NO;
				SDKROOT = macosx10.6;
			};
			name = Release;
		};
/* End XCBuildConfiguration section */

/* Begin XCConfigurationList section */
		C01FCF4A08A954540054247B /* Build configuration list for PBXNativeTarget "Legal Emulator" */ = {
			isa = XCConfigurationList;
			buildConfigurations = (
				C01FCF4B08A954540054247B /* Debug */,
				C01FCF4C08A954540054247B /* Release */,
			);
			defaultConfigurationIsVisible = 0;
			defaultConfigurationName = Release;
		};
		C01FCF4E08A954540054247B /* Build configuration list for PBXProject "Legal Emulator" */ = {
			isa = XCConfigurationList;
			buildConfigurations = (
				C01FCF4F08A954540054247B /* Debug */,
				C01FCF5008A954540054247B /* Release */,
			);
			defaultConfigurationIsVisible = 0;
			defaultConfigurationName = Release;
		};
/* End XCConfigurationList section */
	};
	rootObject = 29B97313FDCFA39411CA2CEA /* Project object */;
}
